Microsoft Visual Studio Solution File, Format Version 12.00
# Visual Studio Version 17
VisualStudioVersion = 17.5.2.0
MinimumVisualStudioVersion = 10.0.40219.1
Project("{FAE04EC0-301F-11D3-BF4B-00C04F79EFBC}") = "parsing_jrn_ej", "parsing_jrn_ej.csproj", "{900E1293-8DA4-0AD4-E19B-C5E0F94DD65C}"
EndProject
Global
	GlobalSection(SolutionConfigurationPlatforms) = preSolution
		Debug|Any CPU = Debug|Any CPU
		Release|Any CPU = Release|Any CPU
	EndGlobalSection
	GlobalSection(ProjectConfigurationPlatforms) = postSolution
		{900E1293-8DA4-0AD4-E19B-C5E0F94DD65C}.Debug|Any CPU.ActiveCfg = Debug|Any CPU
		{900E1293-8DA4-0AD4-E19B-C5E0F94DD65C}.Debug|Any CPU.Build.0 = Debug|Any CPU
		{900E1293-8DA4-0AD4-E19B-C5E0F94DD65C}.Release|Any CPU.ActiveCfg = Release|Any CPU
		{900E1293-8DA4-0AD4-E19B-C5E0F94DD65C}.Release|Any CPU.Build.0 = Release|Any CPU
	EndGlobalSection
	GlobalSection(SolutionProperties) = preSolution
		HideSolutionNode = FALSE
	EndGlobalSection
	GlobalSection(ExtensibilityGlobals) = postSolution
		SolutionGuid = {6993A04C-37F7-46D4-9053-5286599AE839}
	EndGlobalSection
EndGlobal
